
Microsoft Visual Studio Solution File, Format Version 12.00
# Visual Studio 14
VisualStudioVersion = 14.0.24720.0
MinimumVisualStudioVersion = 10.0.40219.1
Project("{FAE04EC0-301F-11D3-BF4B-00C04F79EFBC}") = "oop2.3", "oop2.3\oop2.3.csproj", "{B3C91977-CFB3-450D-B294-317BBC92AFE3}"
EndProject
Global
	GlobalSection(SolutionConfigurationPlatforms) = preSolution
		Debug|Any CPU = Debug|Any CPU
		Release|Any CPU = Release|Any CPU
	EndGlobalSection
	GlobalSection(ProjectConfigurationPlatforms) = postSolution
		{B3C91977-CFB3-450D-B294-317BBC92AFE3}.Debug|Any CPU.ActiveCfg = Debug|Any CPU
		{B3C91977-CFB3-450D-B294-317BBC92AFE3}.Debug|Any CPU.Build.0 = Debug|Any CPU
		{B3C91977-CFB3-450D-B294-317BBC92AFE3}.Release|Any CPU.ActiveCfg = Release|Any CPU
		{B3C91977-CFB3-450D-B294-317BBC92AFE3}.Release|Any CPU.Build.0 = Release|Any CPU
	EndGlobalSection
	GlobalSection(SolutionProperties) = preSolution
		HideSolutionNode = FALSE
	EndGlobalSection
EndGlobal
